# THIS IS AN AUTOGENERATED FILE. DO NOT EDIT THIS FILE DIRECTLY.
# yarn lockfile v1


int64-buffer@^0.1.9:
  version "0.1.10"
  resolved "https://registry.yarnpkg.com/int64-buffer/-/int64-buffer-0.1.10.tgz#277b228a87d95ad777d07c13832022406a473423"
  integrity sha1-J3siiofZWtd30HwTgyAiQGpHNCM=

leb@^0.3.0:
  version "0.3.0"
  resolved "https://registry.yarnpkg.com/leb/-/leb-0.3.0.tgz#32bee9fad168328d6aea8522d833f4180eed1da3"
  integrity sha1-Mr7p+tFoMo1q6oUi2DP0GA7tHaM=

lzma@^2.3.2:
  version "2.3.2"
  resolved "https://registry.yarnpkg.com/lzma/-/lzma-2.3.2.tgz#3783b24858b9c0e747a0df3cbf1fb5fcaa92c441"
  integrity sha1-N4OySFi5wOdHoN88vx+1/KqSxEE=

node-osr@^1.2.1:
  version "1.2.1"
  resolved "https://registry.yarnpkg.com/node-osr/-/node-osr-1.2.1.tgz#d818cb80474c96fb9e554a4db53c16f80b21b4e9"
  integrity sha512-BKTE4Nx4Mim9/Q5i8mdTxw7Cp8ljtLg93EFMUvP7xsfxgruqA50MKyPj9a9SM6utyl1+HFpdmtvaAf3cp3G1mg==
  dependencies:
    int64-buffer "^0.1.9"
    leb "^0.3.0"
    lzma "^2.3.2"
